
Microsoft Visual Studio Solution File, Format Version 12.00
# Visual Studio Version 16
VisualStudioVersion = 16.0.30420.98
MinimumVisualStudioVersion = 10.0.40219.1
Project("{888888A0-9F3D-457C-B088-3A5042F75D52}") = "Colmap Python", "Colmap Python.pyproj", "{767D6265-99B2-4CBC-8820-EE6E86C7B8E4}"
EndProject
Global
	GlobalSection(SolutionConfigurationPlatforms) = preSolution
		Debug|Any CPU = Debug|Any CPU
		Release|Any CPU = Release|Any CPU
	EndGlobalSection
	GlobalSection(ProjectConfigurationPlatforms) = postSolution
		{767D6265-99B2-4CBC-8820-EE6E86C7B8E4}.Debug|Any CPU.ActiveCfg = Debug|Any CPU
		{767D6265-99B2-4CBC-8820-EE6E86C7B8E4}.Release|Any CPU.ActiveCfg = Release|Any CPU
	EndGlobalSection
	GlobalSection(SolutionProperties) = preSolution
		HideSolutionNode = FALSE
	EndGlobalSection
	GlobalSection(ExtensibilityGlobals) = postSolution
		SolutionGuid = {86FB62D3-9C8D-402B-8AD3-61CA8BE91982}
	EndGlobalSection
EndGlobal
